// !$*UTF8*$!
{
	archiveVersion = 1;
	classes = {
	};
	objectVersion = 77;
	objects = {

/* Begin PBXContainerItemProxy section */
		F8FC19F62DFDFC8E0038862D /* PBXContainerItemProxy */ = {
			isa = PBXContainerItemProxy;
			containerPortal = F8FE169E2D7993D000A00E40 /* Project object */;
			proxyType = 1;
			remoteGlobalIDString = F8FE16A52D7993D000A00E40;
			remoteInfo = hw1_project1;
		};
		F8FC1A472DFE057C0038862D /* PBXContainerItemProxy */ = {
			isa = PBXContainerItemProxy;
			containerPortal = F8FE169E2D7993D000A00E40 /* Project object */;
			proxyType = 1;
			remoteGlobalIDString = F8FE16A52D7993D000A00E40;
			remoteInfo = hw1_project1;
		};
/* End PBXContainerItemProxy section */

/* Begin PBXFileReference section */
		F80B08122DFDEE9B00A0ECB3 /* hw1_project1.app */ = {isa = PBXFileReference; explicitFileType = wrapper.application; includeInIndex = 0; path = hw1_project1.app; sourceTree = BUILT_PRODUCTS_DIR; };
		F8FC19F22DFDFC8E0038862D /* hw1_project1Tests.xctest */ = {isa = PBXFileReference; explicitFileType = wrapper.cfbundle; includeInIndex = 0; path = hw1_project1Tests.xctest; sourceTree = BUILT_PRODUCTS_DIR; };
		F8FC1A412DFE057C0038862D /* hw1_project1UITests.xctest */ = {isa = PBXFileReference; explicitFileType = wrapper.cfbundle; includeInIndex = 0; path = hw1_project1UITests.xctest; sourceTree = BUILT_PRODUCTS_DIR; };
/* End PBXFileReference section */

/* Begin PBXFileSystemSynchronizedBuildFileExceptionSet section */
		F8FE16B82D7993D200A00E40 /* Exceptions for "hw1_project1" folder in "hw1_project1" target */ = {
			isa = PBXFileSystemSynchronizedBuildFileExceptionSet;
			membershipExceptions = (
				Info.plist,
			);
			target = F8FE16A52D7993D000A00E40 /* hw1_project1 */;
		};
/* End PBXFileSystemSynchronizedBuildFileExceptionSet section */

/* Begin PBXFileSystemSynchronizedRootGroup section */
		F8FC19F32DFDFC8E0038862D /* hw1_project1Tests */ = {
			isa = PBXFileSystemSynchronizedRootGroup;
			path = hw1_project1Tests;
			sourceTree = "<group>";
		};
		F8FC1A422DFE057C0038862D /* hw1_project1UITests */ = {
			isa = PBXFileSystemSynchronizedRootGroup;
			path = hw1_project1UITests;
			sourceTree = "<group>";
		};
		F8FE16A82D7993D000A00E40 /* hw1_project1 */ = {
			isa = PBXFileSystemSynchronizedRootGroup;
			exceptions = (
				F8FE16B82D7993D200A00E40 /* Exceptions for "hw1_project1" folder in "hw1_project1" target */,
			);
			path = hw1_project1;
			sourceTree = "<group>";
		};
/* End PBXFileSystemSynchronizedRootGroup section */

/* Begin PBXFrameworksBuildPhase section */
		F8FC19EF2DFDFC8E0038862D /* Frameworks */ = {
			isa = PBXFrameworksBuildPhase;
			buildActionMask = 2147483647;
			files = (
			);
			runOnlyForDeploymentPostprocessing = 0;
		};
		F8FC1A3E2DFE057C0038862D /* Frameworks */ = {
			isa = PBXFrameworksBuildPhase;
			buildActionMask = 2147483647;
			files = (
			);
			runOnlyForDeploymentPostprocessing = 0;
		};
		F8FE16A32D7993D000A00E40 /* Frameworks */ = {
			isa = PBXFrameworksBuildPhase;
			buildActionMask = 2147483647;
			files = (
			);
			runOnlyForDeploymentPostprocessing = 0;
		};
/* End PBXFrameworksBuildPhase section */

/* Begin PBXGroup section */
		F8FE169D2D7993D000A00E40 = {
			isa = PBXGroup;
			children = (
				F8FE16A82D7993D000A00E40 /* hw1_project1 */,
				F80B08122DFDEE9B00A0ECB3 /* hw1_project1.app */,
				F8FC19F22DFDFC8E0038862D /* hw1_project1Tests.xctest */,
				F8FC19F32DFDFC8E0038862D /* hw1_project1Tests */,
				F8FC1A412DFE057C0038862D /* hw1_project1UITests.xctest */,
				F8FC1A422DFE057C0038862D /* hw1_project1UITests */,
			);
			sourceTree = "<group>";
		};
/* End PBXGroup section */

/* Begin PBXNativeTarget section */
		F8FC19F12DFDFC8E0038862D /* hw1_project1Tests */ = {
			isa = PBXNativeTarget;
			buildConfigurationList = F8FC19F82DFDFC8E0038862D /* Build configuration list for PBXNativeTarget "hw1_project1Tests" */;
			buildPhases = (
				F8FC19EE2DFDFC8E0038862D /* Sources */,
				F8FC19EF2DFDFC8E0038862D /* Frameworks */,
				F8FC19F02DFDFC8E0038862D /* Resources */,
			);
			buildRules = (
			);
			dependencies = (
				F8FC19F72DFDFC8E0038862D /* PBXTargetDependency */,
			);
			fileSystemSynchronizedGroups = (
				F8FC19F32DFDFC8E0038862D /* hw1_project1Tests */,
			);
			name = hw1_project1Tests;
			packageProductDependencies = (
			);
			productName = hw1_project1Tests;
			productReference = F8FC19F22DFDFC8E0038862D /* hw1_project1Tests.xctest */;
			productType = "com.apple.product-type.bundle.unit-test";
		};
		F8FC1A402DFE057C0038862D /* hw1_project1UITests */ = {
			isa = PBXNativeTarget;
			buildConfigurationList = F8FC1A492DFE057C0038862D /* Build configuration list for PBXNativeTarget "hw1_project1UITests" */;
			buildPhases = (
				F8FC1A3D2DFE057C0038862D /* Sources */,
				F8FC1A3E2DFE057C0038862D /* Frameworks */,
				F8FC1A3F2DFE057C0038862D /* Resources */,
			);
			buildRules = (
			);
			dependencies = (
				F8FC1A482DFE057C0038862D /* PBXTargetDependency */,
			);
			fileSystemSynchronizedGroups = (
				F8FC1A422DFE057C0038862D /* hw1_project1UITests */,
			);
			name = hw1_project1UITests;
			packageProductDependencies = (
			);
			productName = hw1_project1UITests;
			productReference = F8FC1A412DFE057C0038862D /* hw1_project1UITests.xctest */;
			productType = "com.apple.product-type.bundle.ui-testing";
		};
		F8FE16A52D7993D000A00E40 /* hw1_project1 */ = {
			isa = PBXNativeTarget;
			buildConfigurationList = F8FE16B92D7993D200A00E40 /* Build configuration list for PBXNativeTarget "hw1_project1" */;
			buildPhases = (
				F8FE16A22D7993D000A00E40 /* Sources */,
				F8FE16A32D7993D000A00E40 /* Frameworks */,
				F8FE16A42D7993D000A00E40 /* Resources */,
				F80B07282DFDDC4300A0ECB3 /* Run Script */,
			);
			buildRules = (
			);
			dependencies = (
			);
			fileSystemSynchronizedGroups = (
				F8FE16A82D7993D000A00E40 /* hw1_project1 */,
			);
			name = hw1_project1;
			productName = hw1_project1;
			productReference = F80B08122DFDEE9B00A0ECB3 /* hw1_project1.app */;
			productType = "com.apple.product-type.application";
		};
/* End PBXNativeTarget section */

/* Begin PBXProject section */
		F8FE169E2D7993D000A00E40 /* Project object */ = {
			isa = PBXProject;
			attributes = {
				BuildIndependentTargetsInParallel = 1;
				LastSwiftUpdateCheck = 1640;
				LastUpgradeCheck = 1620;
				TargetAttributes = {
					F8FC19F12DFDFC8E0038862D = {
						CreatedOnToolsVersion = 16.4;
						TestTargetID = F8FE16A52D7993D000A00E40;
					};
					F8FC1A402DFE057C0038862D = {
						CreatedOnToolsVersion = 16.4;
						TestTargetID = F8FE16A52D7993D000A00E40;
					};
					F8FE16A52D7993D000A00E40 = {
						CreatedOnToolsVersion = 16.2;
					};
				};
			};
			buildConfigurationList = F8FE16A12D7993D000A00E40 /* Build configuration list for PBXProject "hw1_project1" */;
			developmentRegion = en;
			hasScannedForEncodings = 0;
			knownRegions = (
				en,
				Base,
			);
			mainGroup = F8FE169D2D7993D000A00E40;
			minimizedProjectReferenceProxies = 1;
			packageReferences = (
				F8ADF2DE2DA44DC600C1FACF /* XCRemoteSwiftPackageReference "vk-ios-sdk" */,
			);
			preferredProjectObjectVersion = 77;
			productRefGroup = F8FE169D2D7993D000A00E40;
			projectDirPath = "";
			projectRoot = "";
			targets = (
				F8FE16A52D7993D000A00E40 /* hw1_project1 */,
				F8FC19F12DFDFC8E0038862D /* hw1_project1Tests */,
				F8FC1A402DFE057C0038862D /* hw1_project1UITests */,
			);
		};
/* End PBXProject section */

/* Begin PBXResourcesBuildPhase section */
		F8FC19F02DFDFC8E0038862D /* Resources */ = {
			isa = PBXResourcesBuildPhase;
			buildActionMask = 2147483647;
			files = (
			);
			runOnlyForDeploymentPostprocessing = 0;
		};
		F8FC1A3F2DFE057C0038862D /* Resources */ = {
			isa = PBXResourcesBuildPhase;
			buildActionMask = 2147483647;
			files = (
			);
			runOnlyForDeploymentPostprocessing = 0;
		};
		F8FE16A42D7993D000A00E40 /* Resources */ = {
			isa = PBXResourcesBuildPhase;
			buildActionMask = 2147483647;
			files = (
			);
			runOnlyForDeploymentPostprocessing = 0;
		};
/* End PBXResourcesBuildPhase section */

/* Begin PBXShellScriptBuildPhase section */
		F80B07282DFDDC4300A0ECB3 /* Run Script */ = {
			isa = PBXShellScriptBuildPhase;
			buildActionMask = 2147483647;
			files = (
			);
			inputFileListPaths = (
			);
			inputPaths = (
			);
			name = "Run Script";
			outputFileListPaths = (
			);
			outputPaths = (
			);
			runOnlyForDeploymentPostprocessing = 0;
			shellPath = /bin/sh;
			shellScript = "


";
		};
/* End PBXShellScriptBuildPhase section */

/* Begin PBXSourcesBuildPhase section */
		F8FC19EE2DFDFC8E0038862D /* Sources */ = {
			isa = PBXSourcesBuildPhase;
			buildActionMask = 2147483647;
			files = (
			);
			runOnlyForDeploymentPostprocessing = 0;
		};
		F8FC1A3D2DFE057C0038862D /* Sources */ = {
			isa = PBXSourcesBuildPhase;
			buildActionMask = 2147483647;
			files = (
			);
			runOnlyForDeploymentPostprocessing = 0;
		};
		F8FE16A22D7993D000A00E40 /* Sources */ = {
			isa = PBXSourcesBuildPhase;
			buildActionMask = 2147483647;
			files = (
			);
			runOnlyForDeploymentPostprocessing = 0;
		};
/* End PBXSourcesBuildPhase section */

/* Begin PBXTargetDependency section */
		F8FC19F72DFDFC8E0038862D /* PBXTargetDependency */ = {
			isa = PBXTargetDependency;
			target = F8FE16A52D7993D000A00E40 /* hw1_project1 */;
			targetProxy = F8FC19F62DFDFC8E0038862D /* PBXContainerItemProxy */;
		};
		F8FC1A482DFE057C0038862D /* PBXTargetDependency */ = {
			isa = PBXTargetDependency;
			target = F8FE16A52D7993D000A00E40 /* hw1_project1 */;
			targetProxy = F8FC1A472DFE057C0038862D /* PBXContainerItemProxy */;
		};
/* End PBXTargetDependency section */

/* Begin XCBuildConfiguration section */
		F8FC19F92DFDFC8E0038862D /* Debug */ = {
			isa = XCBuildConfiguration;
			buildSettings = {
				BUNDLE_LOADER = "$(TEST_HOST)";
				CODE_SIGN_STYLE = Automatic;
				CURRENT_PROJECT_VERSION = 1;
				GENERATE_INFOPLIST_FILE = YES;
				IPHONEOS_DEPLOYMENT_TARGET = 18.2;
				MARKETING_VERSION = 1.0;
				PRODUCT_BUNDLE_IDENTIFIER = "com.study.hw1-project1Tests";
				PRODUCT_NAME = "$(TARGET_NAME)";
				SWIFT_EMIT_LOC_STRINGS = NO;
				SWIFT_VERSION = 5.0;
				TARGETED_DEVICE_FAMILY = "1,2";
				TEST_HOST = "$(BUILT_PRODUCTS_DIR)/hw1_project1.app/$(BUNDLE_EXECUTABLE_FOLDER_PATH)/hw1_project1";
			};
			name = Debug;
		};
		F8FC19FA2DFDFC8E0038862D /* Release */ = {
			isa = XCBuildConfiguration;
			buildSettings = {
				BUNDLE_LOADER = "$(TEST_HOST)";
				CODE_SIGN_STYLE = Automatic;
				CURRENT_PROJECT_VERSION = 1;
				GENERATE_INFOPLIST_FILE = YES;
				IPHONEOS_DEPLOYMENT_TARGET = 18.2;
				MARKETING_VERSION = 1.0;
				PRODUCT_BUNDLE_IDENTIFIER = "com.study.hw1-project1Tests";
				PRODUCT_NAME = "$(TARGET_NAME)";
				SWIFT_EMIT_LOC_STRINGS = NO;
				SWIFT_VERSION = 5.0;
				TARGETED_DEVICE_FAMILY = "1,2";
				TEST_HOST = "$(BUILT_PRODUCTS_DIR)/hw1_project1.app/$(BUNDLE_EXECUTABLE_FOLDER_PATH)/hw1_project1";
			};
			name = Release;
		};
		F8FC1A4A2DFE057C0038862D /* Debug */ = {
			isa = XCBuildConfiguration;
			buildSettings = {
				CODE_SIGN_STYLE = Automatic;
				CURRENT_PROJECT_VERSION = 1;
				GENERATE_INFOPLIST_FILE = YES;
				IPHONEOS_DEPLOYMENT_TARGET = 18.2;
				MARKETING_VERSION = 1.0;
				PRODUCT_BUNDLE_IDENTIFIER = "com.study.hw1-project1UITests";
				PRODUCT_NAME = "$(TARGET_NAME)";
				SWIFT_EMIT_LOC_STRINGS = NO;
				SWIFT_VERSION = 5.0;
				TARGETED_DEVICE_FAMILY = "1,2";
				TEST_TARGET_NAME = hw1_project1;
			};
			name = Debug;
		};
		F8FC1A4B2DFE057C0038862D /* Release */ = {
			isa = XCBuildConfiguration;
			buildSettings = {
				CODE_SIGN_STYLE = Automatic;
				CURRENT_PROJECT_VERSION = 1;
				GENERATE_INFOPLIST_FILE = YES;
				IPHONEOS_DEPLOYMENT_TARGET = 18.2;
				MARKETING_VERSION = 1.0;
				PRODUCT_BUNDLE_IDENTIFIER = "com.study.hw1-project1UITests";
				PRODUCT_NAME = "$(TARGET_NAME)";
				SWIFT_EMIT_LOC_STRINGS = NO;
				SWIFT_VERSION = 5.0;
				TARGETED_DEVICE_FAMILY = "1,2";
				TEST_TARGET_NAME = hw1_project1;
			};
			name = Release;
		};
		F8FE16BA2D7993D200A00E40 /* Debug */ = {
			isa = XCBuildConfiguration;
			buildSettings = {
				ASSETCATALOG_COMPILER_APPICON_NAME = AppIcon;
				ASSETCATALOG_COMPILER_GLOBAL_ACCENT_COLOR_NAME = AccentColor;
				CODE_SIGN_STYLE = Automatic;
				CURRENT_PROJECT_VERSION = 1;
				GENERATE_INFOPLIST_FILE = YES;
				INFOPLIST_FILE = hw1_project1/Info.plist;
				INFOPLIST_KEY_UIApplicationSupportsIndirectInputEvents = YES;
				INFOPLIST_KEY_UILaunchStoryboardName = LaunchScreen;
				INFOPLIST_KEY_UISupportedInterfaceOrientations_iPad = "UIInterfaceOrientationPortrait UIInterfaceOrientationPortraitUpsideDown UIInterfaceOrientationLandscapeLeft UIInterfaceOrientationLandscapeRight";
				INFOPLIST_KEY_UISupportedInterfaceOrientations_iPhone = "UIInterfaceOrientationPortrait UIInterfaceOrientationLandscapeLeft UIInterfaceOrientationLandscapeRight";
				LD_RUNPATH_SEARCH_PATHS = (
					"$(inherited)",
					"@executable_path/Frameworks",
				);
				MARKETING_VERSION = 1.0;
				PRODUCT_BUNDLE_IDENTIFIER = "com.study.hw1-project1";
				PRODUCT_NAME = "$(TARGET_NAME)";
				SWIFT_EMIT_LOC_STRINGS = YES;
				SWIFT_VERSION = 5.0;
				TARGETED_DEVICE_FAMILY = "1,2";
			};
			name = Debug;
		};
		F8FE16BB2D7993D200A00E40 /* Release */ = {
			isa = XCBuildConfiguration;
			buildSettings = {
				ASSETCATALOG_COMPILER_APPICON_NAME = AppIcon;
				ASSETCATALOG_COMPILER_GLOBAL_ACCENT_COLOR_NAME = AccentColor;
				CODE_SIGN_STYLE = Automatic;
				CURRENT_PROJECT_VERSION = 1;
				GENERATE_INFOPLIST_FILE = YES;
				INFOPLIST_FILE = hw1_project1/Info.plist;
				INFOPLIST_KEY_UIApplicationSupportsIndirectInputEvents = YES;
				INFOPLIST_KEY_UILaunchStoryboardName = LaunchScreen;
				INFOPLIST_KEY_UISupportedInterfaceOrientations_iPad = "UIInterfaceOrientationPortrait UIInterfaceOrientationPortraitUpsideDown UIInterfaceOrientationLandscapeLeft UIInterfaceOrientationLandscapeRight";
				INFOPLIST_KEY_UISupportedInterfaceOrientations_iPhone = "UIInterfaceOrientationPortrait UIInterfaceOrientationLandscapeLeft UIInterfaceOrientationLandscapeRight";
				LD_RUNPATH_SEARCH_PATHS = (
					"$(inherited)",
					"@executable_path/Frameworks",
				);
				MARKETING_VERSION = 1.0;
				PRODUCT_BUNDLE_IDENTIFIER = "com.study.hw1-project1";
				PRODUCT_NAME = "$(TARGET_NAME)";
				SWIFT_EMIT_LOC_STRINGS = YES;
				SWIFT_VERSION = 5.0;
				TARGETED_DEVICE_FAMILY = "1,2";
			};
			name = Release;
		};
		F8FE16BC2D7993D200A00E40 /* Debug */ = {
			isa = XCBuildConfiguration;
			buildSettings = {
				ALWAYS_SEARCH_USER_PATHS = NO;
				ASSETCATALOG_COMPILER_GENERATE_SWIFT_ASSET_SYMBOL_EXTENSIONS = YES;
				CLANG_ANALYZER_NONNULL = YES;
				CLANG_ANALYZER_NUMBER_OBJECT_CONVERSION = YES_AGGRESSIVE;
				CLANG_CXX_LANGUAGE_STANDARD = "gnu++20";
				CLANG_ENABLE_MODULES = YES;
				CLANG_ENABLE_OBJC_ARC = YES;
				CLANG_ENABLE_OBJC_WEAK = YES;
				CLANG_WARN_BLOCK_CAPTURE_AUTORELEASING = YES;
				CLANG_WARN_BOOL_CONVERSION = YES;
				CLANG_WARN_COMMA = YES;
				CLANG_WARN_CONSTANT_CONVERSION = YES;
				CLANG_WARN_DEPRECATED_OBJC_IMPLEMENTATIONS = YES;
				CLANG_WARN_DIRECT_OBJC_ISA_USAGE = YES_ERROR;
				CLANG_WARN_DOCUMENTATION_COMMENTS = YES;
				CLANG_WARN_EMPTY_BODY = YES;
				CLANG_WARN_ENUM_CONVERSION = YES;
				CLANG_WARN_INFINITE_RECURSION = YES;
				CLANG_WARN_INT_CONVERSION = YES;
				CLANG_WARN_NON_LITERAL_NULL_CONVERSION = YES;
				CLANG_WARN_OBJC_IMPLICIT_RETAIN_SELF = YES;
				CLANG_WARN_OBJC_LITERAL_CONVERSION = YES;
				CLANG_WARN_OBJC_ROOT_CLASS = YES_ERROR;
				CLANG_WARN_QUOTED_INCLUDE_IN_FRAMEWORK_HEADER = YES;
				CLANG_WARN_RANGE_LOOP_ANALYSIS = YES;
				CLANG_WARN_STRICT_PROTOTYPES = YES;
				CLANG_WARN_SUSPICIOUS_MOVE = YES;
				CLANG_WARN_UNGUARDED_AVAILABILITY = YES_AGGRESSIVE;
				CLANG_WARN_UNREACHABLE_CODE = YES;
				CLANG_WARN__DUPLICATE_METHOD_MATCH = YES;
				COPY_PHASE_STRIP = NO;
				DEBUG_INFORMATION_FORMAT = dwarf;
				ENABLE_STRICT_OBJC_MSGSEND = YES;
				ENABLE_TESTABILITY = YES;
				ENABLE_USER_SCRIPT_SANDBOXING = YES;
				GCC_C_LANGUAGE_STANDARD = gnu17;
				GCC_DYNAMIC_NO_PIC = NO;
				GCC_NO_COMMON_BLOCKS = YES;
				GCC_OPTIMIZATION_LEVEL = 0;
				GCC_PREPROCESSOR_DEFINITIONS = (
					"DEBUG=1",
					"$(inherited)",
				);
				GCC_WARN_64_TO_32_BIT_CONVERSION = YES;
				GCC_WARN_ABOUT_RETURN_TYPE = YES_ERROR;
				GCC_WARN_UNDECLARED_SELECTOR = YES;
				GCC_WARN_UNINITIALIZED_AUTOS = YES_AGGRESSIVE;
				GCC_WARN_UNUSED_FUNCTION = YES;
				GCC_WARN_UNUSED_VARIABLE = YES;
				IPHONEOS_DEPLOYMENT_TARGET = 18.2;
				LOCALIZATION_PREFERS_STRING_CATALOGS = YES;
				MTL_ENABLE_DEBUG_INFO = INCLUDE_SOURCE;
				MTL_FAST_MATH = YES;
				ONLY_ACTIVE_ARCH = YES;
				SDKROOT = iphoneos;
				SWIFT_ACTIVE_COMPILATION_CONDITIONS = "DEBUG $(inherited)";
				SWIFT_OPTIMIZATION_LEVEL = "-Onone";
			};
			name = Debug;
		};
		F8FE16BD2D7993D200A00E40 /* Release */ = {
			isa = XCBuildConfiguration;
			buildSettings = {
				ALWAYS_SEARCH_USER_PATHS = NO;
				ASSETCATALOG_COMPILER_GENERATE_SWIFT_ASSET_SYMBOL_EXTENSIONS = YES;
				CLANG_ANALYZER_NONNULL = YES;
				CLANG_ANALYZER_NUMBER_OBJECT_CONVERSION = YES_AGGRESSIVE;
				CLANG_CXX_LANGUAGE_STANDARD = "gnu++20";
				CLANG_ENABLE_MODULES = YES;
				CLANG_ENABLE_OBJC_ARC = YES;
				CLANG_ENABLE_OBJC_WEAK = YES;
				CLANG_WARN_BLOCK_CAPTURE_AUTORELEASING = YES;
				CLANG_WARN_BOOL_CONVERSION = YES;
				CLANG_WARN_COMMA = YES;
				CLANG_WARN_CONSTANT_CONVERSION = YES;
				CLANG_WARN_DEPRECATED_OBJC_IMPLEMENTATIONS = YES;
				CLANG_WARN_DIRECT_OBJC_ISA_USAGE = YES_ERROR;
				CLANG_WARN_DOCUMENTATION_COMMENTS = YES;
				CLANG_WARN_EMPTY_BODY = YES;
				CLANG_WARN_ENUM_CONVERSION = YES;
				CLANG_WARN_INFINITE_RECURSION = YES;
				CLANG_WARN_INT_CONVERSION = YES;
				CLANG_WARN_NON_LITERAL_NULL_CONVERSION = YES;
				CLANG_WARN_OBJC_IMPLICIT_RETAIN_SELF = YES;
				CLANG_WARN_OBJC_LITERAL_CONVERSION = YES;
				CLANG_WARN_OBJC_ROOT_CLASS = YES_ERROR;
				CLANG_WARN_QUOTED_INCLUDE_IN_FRAMEWORK_HEADER = YES;
				CLANG_WARN_RANGE_LOOP_ANALYSIS = YES;
				CLANG_WARN_STRICT_PROTOTYPES = YES;
				CLANG_WARN_SUSPICIOUS_MOVE = YES;
				CLANG_WARN_UNGUARDED_AVAILABILITY = YES_AGGRESSIVE;
				CLANG_WARN_UNREACHABLE_CODE = YES;
				CLANG_WARN__DUPLICATE_METHOD_MATCH = YES;
				COPY_PHASE_STRIP = NO;
				DEBUG_INFORMATION_FORMAT = "dwarf-with-dsym";
				ENABLE_NS_ASSERTIONS = NO;
				ENABLE_STRICT_OBJC_MSGSEND = YES;
				ENABLE_USER_SCRIPT_SANDBOXING = YES;
				GCC_C_LANGUAGE_STANDARD = gnu17;
				GCC_NO_COMMON_BLOCKS = YES;
				GCC_WARN_64_TO_32_BIT_CONVERSION = YES;
				GCC_WARN_ABOUT_RETURN_TYPE = YES_ERROR;
				GCC_WARN_UNDECLARED_SELECTOR = YES;
				GCC_WARN_UNINITIALIZED_AUTOS = YES_AGGRESSIVE;
				GCC_WARN_UNUSED_FUNCTION = YES;
				GCC_WARN_UNUSED_VARIABLE = YES;
				IPHONEOS_DEPLOYMENT_TARGET = 18.2;
				LOCALIZATION_PREFERS_STRING_CATALOGS = YES;
				MTL_ENABLE_DEBUG_INFO = NO;
				MTL_FAST_MATH = YES;
				SDKROOT = iphoneos;
				SWIFT_COMPILATION_MODE = wholemodule;
				VALIDATE_PRODUCT = YES;
			};
			name = Release;
		};
/* End XCBuildConfiguration section */

/* Begin XCConfigurationList section */
		F8FC19F82DFDFC8E0038862D /* Build configuration list for PBXNativeTarget "hw1_project1Tests" */ = {
			isa = XCConfigurationList;
			buildConfigurations = (
				F8FC19F92DFDFC8E0038862D /* Debug */,
				F8FC19FA2DFDFC8E0038862D /* Release */,
			);
			defaultConfigurationIsVisible = 0;
			defaultConfigurationName = Release;
		};
		F8FC1A492DFE057C0038862D /* Build configuration list for PBXNativeTarget "hw1_project1UITests" */ = {
			isa = XCConfigurationList;
			buildConfigurations = (
				F8FC1A4A2DFE057C0038862D /* Debug */,
				F8FC1A4B2DFE057C0038862D /* Release */,
			);
			defaultConfigurationIsVisible = 0;
			defaultConfigurationName = Release;
		};
		F8FE16A12D7993D000A00E40 /* Build configuration list for PBXProject "hw1_project1" */ = {
			isa = XCConfigurationList;
			buildConfigurations = (
				F8FE16BC2D7993D200A00E40 /* Debug */,
				F8FE16BD2D7993D200A00E40 /* Release */,
			);
			defaultConfigurationIsVisible = 0;
			defaultConfigurationName = Release;
		};
		F8FE16B92D7993D200A00E40 /* Build configuration list for PBXNativeTarget "hw1_project1" */ = {
			isa = XCConfigurationList;
			buildConfigurations = (
				F8FE16BA2D7993D200A00E40 /* Debug */,
				F8FE16BB2D7993D200A00E40 /* Release */,
			);
			defaultConfigurationIsVisible = 0;
			defaultConfigurationName = Release;
		};
/* End XCConfigurationList section */

/* Begin XCRemoteSwiftPackageReference section */
		F8ADF2DE2DA44DC600C1FACF /* XCRemoteSwiftPackageReference "vk-ios-sdk" */ = {
			isa = XCRemoteSwiftPackageReference;
			repositoryURL = "https://github.com/VKCOM/vk-ios-sdk";
			requirement = {
				kind = upToNextMajorVersion;
				minimumVersion = 1.6.4;
			};
		};
/* End XCRemoteSwiftPackageReference section */
	};
	rootObject = F8FE169E2D7993D000A00E40 /* Project object */;
}
